// !$*UTF8*$!
{
	archiveVersion = 1;
	classes = {
	};
	objectVersion = 46;
	objects = {

/* Begin PBXBuildFile section */
		8159F73D1E4E9B0000675833 /* AppDelegate.swift in Sources */ = {isa = PBXBuildFile; fileRef = 8159F73C1E4E9B0000675833 /* AppDelegate.swift */; };
		8159F73F1E4E9B0000675833 /* DetailViewController.swift in Sources */ = {isa = PBXBuildFile; fileRef = 8159F73E1E4E9B0000675833 /* DetailViewController.swift */; };
		8159F7421E4E9B0000675833 /* Main.storyboard in Resources */ = {isa = PBXBuildFile; fileRef = 8159F7401E4E9B0000675833 /* Main.storyboard */; };
		8159F7441E4E9B0000675833 /* Assets.xcassets in Resources */ = {isa = PBXBuildFile; fileRef = 8159F7431E4E9B0000675833 /* Assets.xcassets */; };
		8159F7471E4E9B0000675833 /* LaunchScreen.storyboard in Resources */ = {isa = PBXBuildFile; fileRef = 8159F7451E4E9B0000675833 /* LaunchScreen.storyboard */; };
		8159F7521E4E9B0000675833 /* To_Do_ListTests.swift in Sources */ = {isa = PBXBuildFile; fileRef = 8159F7511E4E9B0000675833 /* To_Do_ListTests.swift */; };
		8159F75D1E4E9CA700675833 /* ToDoTableViewController.swift in Sources */ = {isa = PBXBuildFile; fileRef = 8159F75C1E4E9CA700675833 /* ToDoTableViewController.swift */; };
/* End PBXBuildFile section */

/* Begin PBXContainerItemProxy section */
		8159F74E1E4E9B0000675833 /* PBXContainerItemProxy */ = {
			isa = PBXContainerItemProxy;
			containerPortal = 8159F7311E4E9B0000675833 /* Project object */;
			proxyType = 1;
			remoteGlobalIDString = 8159F7381E4E9B0000675833;
			remoteInfo = "To Do List";
		};
/* End PBXContainerItemProxy section */

/* Begin PBXFileReference section */
		8159F7391E4E9B0000675833 /* To Do List.app */ = {isa = PBXFileReference; explicitFileType = wrapper.application; includeInIndex = 0; path = "To Do List.app"; sourceTree = BUILT_PRODUCTS_DIR; };
		8159F73C1E4E9B0000675833 /* AppDelegate.swift */ = {isa = PBXFileReference; lastKnownFileType = sourcecode.swift; path = AppDelegate.swift; sourceTree = "<group>"; };
		8159F73E1E4E9B0000675833 /* DetailViewController.swift */ = {isa = PBXFileReference; lastKnownFileType = sourcecode.swift; path = DetailViewController.swift; sourceTree = "<group>"; };
		8159F7411E4E9B0000675833 /* Base */ = {isa = PBXFileReference; lastKnownFileType = file.storyboard; name = Base; path = Base.lproj/Main.storyboard; sourceTree = "<group>"; };
		8159F7431E4E9B0000675833 /* Assets.xcassets */ = {isa = PBXFileReference; lastKnownFileType = folder.assetcatalog; path = Assets.xcassets; sourceTree = "<group>"; };
		8159F7461E4E9B0000675833 /* Base */ = {isa = PBXFileReference; lastKnownFileType = file.storyboard; name = Base; path = Base.lproj/LaunchScreen.storyboard; sourceTree = "<group>"; };
		8159F7481E4E9B0000675833 /* Info.plist */ = {isa = PBXFileReference; lastKnownFileType = text.plist.xml; path = Info.plist; sourceTree = "<group>"; };
		8159F74D1E4E9B0000675833 /* To Do ListTests.xctest */ = {isa = PBXFileReference; explicitFileType = wrapper.cfbundle; includeInIndex = 0; path = "To Do ListTests.xctest"; sourceTree = BUILT_PRODUCTS_DIR; };
		8159F7511E4E9B0000675833 /* To_Do_ListTests.swift */ = {isa = PBXFileReference; lastKnownFileType = sourcecode.swift; path = To_Do_ListTests.swift; sourceTree = "<group>"; };
		8159F7531E4E9B0000675833 /* Info.plist */ = {isa = PBXFileReference; lastKnownFileType = text.plist.xml; path = Info.plist; sourceTree = "<group>"; };
		8159F75C1E4E9CA700675833 /* ToDoTableViewController.swift */ = {isa = PBXFileReference; fileEncoding = 4; lastKnownFileType = sourcecode.swift; path = ToDoTableViewController.swift; sourceTree = "<group>"; };
/* End PBXFileReference section */

/* Begin PBXFrameworksBuildPhase section */
		8159F7361E4E9B0000675833 /* Frameworks */ = {
			isa = PBXFrameworksBuildPhase;
			buildActionMask = 2147483647;
			files = (
			);
			runOnlyForDeploymentPostprocessing = 0;
		};
		8159F74A1E4E9B0000675833 /* Frameworks */ = {
			isa = PBXFrameworksBuildPhase;
			buildActionMask = 2147483647;
			files = (
			);
			runOnlyForDeploymentPostprocessing = 0;
		};
/* End PBXFrameworksBuildPhase section */

/* Begin PBXGroup section */
		8159F7301E4E9B0000675833 = {
			isa = PBXGroup;
			children = (
				8159F73B1E4E9B0000675833 /* To Do List */,
				8159F7501E4E9B0000675833 /* To Do ListTests */,
				8159F73A1E4E9B0000675833 /* Products */,
			);
			sourceTree = "<group>";
		};
		8159F73A1E4E9B0000675833 /* Products */ = {
			isa = PBXGroup;
			children = (
				8159F7391E4E9B0000675833 /* To Do List.app */,
				8159F74D1E4E9B0000675833 /* To Do ListTests.xctest */,
			);
			name = Products;
			sourceTree = "<group>";
		};
		8159F73B1E4E9B0000675833 /* To Do List */ = {
			isa = PBXGroup;
			children = (
				8159F73C1E4E9B0000675833 /* AppDelegate.swift */,
				8159F73E1E4E9B0000675833 /* DetailViewController.swift */,
				8159F7401E4E9B0000675833 /* Main.storyboard */,
				8159F75C1E4E9CA700675833 /* ToDoTableViewController.swift */,
				8159F7431E4E9B0000675833 /* Assets.xcassets */,
				8159F7451E4E9B0000675833 /* LaunchScreen.storyboard */,
				8159F7481E4E9B0000675833 /* Info.plist */,
			);
			path = "To Do List";
			sourceTree = "<group>";
		};
		8159F7501E4E9B0000675833 /* To Do ListTests */ = {
			isa = PBXGroup;
			children = (
				8159F7511E4E9B0000675833 /* To_Do_ListTests.swift */,
				8159F7531E4E9B0000675833 /* Info.plist */,
			);
			path = "To Do ListTests";
			sourceTree = "<group>";
		};
/* End PBXGroup section */

/* Begin PBXNativeTarget section */
		8159F7381E4E9B0000675833 /* To Do List */ = {
			isa = PBXNativeTarget;
			buildConfigurationList = 8159F7561E4E9B0000675833 /* Build configuration list for PBXNativeTarget "To Do List" */;
			buildPhases = (
				8159F7351E4E9B0000675833 /* Sources */,
				8159F7361E4E9B0000675833 /* Frameworks */,
				8159F7371E4E9B0000675833 /* Resources */,
			);
			buildRules = (
			);
			dependencies = (
			);
			name = "To Do List";
			productName = "To Do List";
			productReference = 8159F7391E4E9B0000675833 /* To Do List.app */;
			productType = "com.apple.product-type.application";
		};
		8159F74C1E4E9B0000675833 /* To Do ListTests */ = {
			isa = PBXNativeTarget;
			buildConfigurationList = 8159F7591E4E9B0000675833 /* Build configuration list for PBXNativeTarget "To Do ListTests" */;
			buildPhases = (
				8159F7491E4E9B0000675833 /* Sources */,
				8159F74A1E4E9B0000675833 /* Frameworks */,
				8159F74B1E4E9B0000675833 /* Resources */,
			);
			buildRules = (
			);
			dependencies = (
				8159F74F1E4E9B0000675833 /* PBXTargetDependency */,
			);
			name = "To Do ListTests";
			productName = "To Do ListTests";
			productReference = 8159F74D1E4E9B0000675833 /* To Do ListTests.xctest */;
			productType = "com.apple.product-type.bundle.unit-test";
		};
/* End PBXNativeTarget section */

/* Begin PBXProject section */
		8159F7311E4E9B0000675833 /* Project object */ = {
			isa = PBXProject;
			attributes = {
				LastSwiftUpdateCheck = 0820;
				LastUpgradeCheck = 0820;
				ORGANIZATIONNAME = "Patrick Calabrese";
				TargetAttributes = {
					8159F7381E4E9B0000675833 = {
						CreatedOnToolsVersion = 8.2.1;
						DevelopmentTeam = 9XYBW6TC7K;
						ProvisioningStyle = Automatic;
					};
					8159F74C1E4E9B0000675833 = {
						CreatedOnToolsVersion = 8.2.1;
						DevelopmentTeam = 9XYBW6TC7K;
						ProvisioningStyle = Automatic;
						TestTargetID = 8159F7381E4E9B0000675833;
					};
				};
			};
			buildConfigurationList = 8159F7341E4E9B0000675833 /* Build configuration list for PBXProject "To Do List" */;
			compatibilityVersion = "Xcode 3.2";
			developmentRegion = English;
			hasScannedForEncodings = 0;
			knownRegions = (
				en,
				Base,
			);
			mainGroup = 8159F7301E4E9B0000675833;
			productRefGroup = 8159F73A1E4E9B0000675833 /* Products */;
			projectDirPath = "";
			projectRoot = "";
			targets = (
				8159F7381E4E9B0000675833 /* To Do List */,
				8159F74C1E4E9B0000675833 /* To Do ListTests */,
			);
		};
/* End PBXProject section */

/* Begin PBXResourcesBuildPhase section */
		8159F7371E4E9B0000675833 /* Resources */ = {
			isa = PBXResourcesBuildPhase;
			buildActionMask = 2147483647;
			files = (
				8159F7471E4E9B0000675833 /* LaunchScreen.storyboard in Resources */,
				8159F7441E4E9B0000675833 /* Assets.xcassets in Resources */,
				8159F7421E4E9B0000675833 /* Main.storyboard in Resources */,
			);
			runOnlyForDeploymentPostprocessing = 0;
		};
		8159F74B1E4E9B0000675833 /* Resources */ = {
			isa = PBXResourcesBuildPhase;
			buildActionMask = 2147483647;
			files = (
			);
			runOnlyForDeploymentPostprocessing = 0;
		};
/* End PBXResourcesBuildPhase section */

/* Begin PBXSourcesBuildPhase section */
		8159F7351E4E9B0000675833 /* Sources */ = {
			isa = PBXSourcesBuildPhase;
			buildActionMask = 2147483647;
			files = (
				8159F73F1E4E9B0000675833 /* DetailViewController.swift in Sources */,
				8159F75D1E4E9CA700675833 /* ToDoTableViewController.swift in Sources */,
				8159F73D1E4E9B0000675833 /* AppDelegate.swift in Sources */,
			);
			runOnlyForDeploymentPostprocessing = 0;
		};
		8159F7491E4E9B0000675833 /* Sources */ = {
			isa = PBXSourcesBuildPhase;
			buildActionMask = 2147483647;
			files = (
				8159F7521E4E9B0000675833 /* To_Do_ListTests.swift in Sources */,
			);
			runOnlyForDeploymentPostprocessing = 0;
		};
/* End PBXSourcesBuildPhase section */

/* Begin PBXTargetDependency section */
		8159F74F1E4E9B0000675833 /* PBXTargetDependency */ = {
			isa = PBXTargetDependency;
			target = 8159F7381E4E9B0000675833 /* To Do List */;
			targetProxy = 8159F74E1E4E9B0000675833 /* PBXContainerItemProxy */;
		};
/* End PBXTargetDependency section */

/* Begin PBXVariantGroup section */
		8159F7401E4E9B0000675833 /* Main.storyboard */ = {
			isa = PBXVariantGroup;
			children = (
				8159F7411E4E9B0000675833 /* Base */,
			);
			name = Main.storyboard;
			sourceTree = "<group>";
		};
		8159F7451E4E9B0000675833 /* LaunchScreen.storyboard */ = {
			isa = PBXVariantGroup;
			children = (
				8159F7461E4E9B0000675833 /* Base */,
			);
			name = LaunchScreen.storyboard;
			sourceTree = "<group>";
		};
/* End PBXVariantGroup section */

/* Begin XCBuildConfiguration section */
		8159F7541E4E9B0000675833 /* Debug */ = {
			isa = XCBuildConfiguration;
			buildSettings = {
				ALWAYS_SEARCH_USER_PATHS = NO;
				CLANG_ANALYZER_NONNULL = YES;
				CLANG_CXX_LANGUAGE_STANDARD = "gnu++0x";
				CLANG_CXX_LIBRARY = "libc++";
				CLANG_ENABLE_MODULES = YES;
				CLANG_ENABLE_OBJC_ARC = YES;
				CLANG_WARN_BOOL_CONVERSION = YES;
				CLANG_WARN_CONSTANT_CONVERSION = YES;
				CLANG_WARN_DIRECT_OBJC_ISA_USAGE = YES_ERROR;
				CLANG_WARN_DOCUMENTATION_COMMENTS = YES;
				CLANG_WARN_EMPTY_BODY = YES;
				CLANG_WARN_ENUM_CONVERSION = YES;
				CLANG_WARN_INFINITE_RECURSION = YES;
				CLANG_WARN_INT_CONVERSION = YES;
				CLANG_WARN_OBJC_ROOT_CLASS = YES_ERROR;
				CLANG_WARN_SUSPICIOUS_MOVE = YES;
				CLANG_WARN_UNREACHABLE_CODE = YES;
				CLANG_WARN__DUPLICATE_METHOD_MATCH = YES;
				"CODE_SIGN_IDENTITY[sdk=iphoneos*]" = "iPhone Developer";
				COPY_PHASE_STRIP = NO;
				DEBUG_INFORMATION_FORMAT = dwarf;
				ENABLE_STRICT_OBJC_MSGSEND = YES;
				ENABLE_TESTABILITY = YES;
				GCC_C_LANGUAGE_STANDARD = gnu99;
				GCC_DYNAMIC_NO_PIC = NO;
				GCC_NO_COMMON_BLOCKS = YES;
				GCC_OPTIMIZATION_LEVEL = 0;
				GCC_PREPROCESSOR_DEFINITIONS = (
					"DEBUG=1",
					"$(inherited)",
				);
				GCC_WARN_64_TO_32_BIT_CONVERSION = YES;
				GCC_WARN_ABOUT_RETURN_TYPE = YES_ERROR;
				GCC_WARN_UNDECLARED_SELECTOR = YES;
				GCC_WARN_UNINITIALIZED_AUTOS = YES_AGGRESSIVE;
				GCC_WARN_UNUSED_FUNCTION = YES;
				GCC_WARN_UNUSED_VARIABLE = YES;
				IPHONEOS_DEPLOYMENT_TARGET = 10.2;
				MTL_ENABLE_DEBUG_INFO = YES;
				ONLY_ACTIVE_ARCH = YES;
				SDKROOT = iphoneos;
				SWIFT_ACTIVE_COMPILATION_CONDITIONS = DEBUG;
				SWIFT_OPTIMIZATION_LEVEL = "-Onone";
				TARGETED_DEVICE_FAMILY = "1,2";
			};
			name = Debug;
		};
		8159F7551E4E9B0000675833 /* Release */ = {
			isa = XCBuildConfiguration;
			buildSettings = {
				ALWAYS_SEARCH_USER_PATHS = NO;
				CLANG_ANALYZER_NONNULL = YES;
				CLANG_CXX_LANGUAGE_STANDARD = "gnu++0x";
				CLANG_CXX_LIBRARY = "libc++";
				CLANG_ENABLE_MODULES = YES;
				CLANG_ENABLE_OBJC_ARC = YES;
				CLANG_WARN_BOOL_CONVERSION = YES;
				CLANG_WARN_CONSTANT_CONVERSION = YES;
				CLANG_WARN_DIRECT_OBJC_ISA_USAGE = YES_ERROR;
				CLANG_WARN_DOCUMENTATION_COMMENTS = YES;
				CLANG_WARN_EMPTY_BODY = YES;
				CLANG_WARN_ENUM_CONVERSION = YES;
				CLANG_WARN_INFINITE_RECURSION = YES;
				CLANG_WARN_INT_CONVERSION = YES;
				CLANG_WARN_OBJC_ROOT_CLASS = YES_ERROR;
				CLANG_WARN_SUSPICIOUS_MOVE = YES;
				CLANG_WARN_UNREACHABLE_CODE = YES;
				CLANG_WARN__DUPLICATE_METHOD_MATCH = YES;
				"CODE_SIGN_IDENTITY[sdk=iphoneos*]" = "iPhone Developer";
				COPY_PHASE_STRIP = NO;
				DEBUG_INFORMATION_FORMAT = "dwarf-with-dsym";
				ENABLE_NS_ASSERTIONS = NO;
				ENABLE_STRICT_OBJC_MSGSEND = YES;
				GCC_C_LANGUAGE_STANDARD = gnu99;
				GCC_NO_COMMON_BLOCKS = YES;
				GCC_WARN_64_TO_32_BIT_CONVERSION = YES;
				GCC_WARN_ABOUT_RETURN_TYPE = YES_ERROR;
				GCC_WARN_UNDECLARED_SELECTOR = YES;
				GCC_WARN_UNINITIALIZED_AUTOS = YES_AGGRESSIVE;
				GCC_WARN_UNUSED_FUNCTION = YES;
				GCC_WARN_UNUSED_VARIABLE = YES;
				IPHONEOS_DEPLOYMENT_TARGET = 10.2;
				MTL_ENABLE_DEBUG_INFO = NO;
				SDKROOT = iphoneos;
				SWIFT_OPTIMIZATION_LEVEL = "-Owholemodule";
				TARGETED_DEVICE_FAMILY = "1,2";
				VALIDATE_PRODUCT = YES;
			};
			name = Release;
		};
		8159F7571E4E9B0000675833 /* Debug */ = {
			isa = XCBuildConfiguration;
			buildSettings = {
				ASSETCATALOG_COMPILER_APPICON_NAME = AppIcon;
				DEVELOPMENT_TEAM = 9XYBW6TC7K;
				INFOPLIST_FILE = "To Do List/Info.plist";
				IPHONEOS_DEPLOYMENT_TARGET = 9.0;
				LD_RUNPATH_SEARCH_PATHS = "$(inherited) @executable_path/Frameworks";
				PRODUCT_BUNDLE_IDENTIFIER = "com.calabrese.To-Do-List";
				PRODUCT_NAME = "$(TARGET_NAME)";
				SWIFT_VERSION = 3.0;
			};
			name = Debug;
		};
		8159F7581E4E9B0000675833 /* Release */ = {
			isa = XCBuildConfiguration;
			buildSettings = {
				ASSETCATALOG_COMPILER_APPICON_NAME = AppIcon;
				DEVELOPMENT_TEAM = 9XYBW6TC7K;
				INFOPLIST_FILE = "To Do List/Info.plist";
				IPHONEOS_DEPLOYMENT_TARGET = 9.0;
				LD_RUNPATH_SEARCH_PATHS = "$(inherited) @executable_path/Frameworks";
				PRODUCT_BUNDLE_IDENTIFIER = "com.calabrese.To-Do-List";
				PRODUCT_NAME = "$(TARGET_NAME)";
				SWIFT_VERSION = 3.0;
			};
			name = Release;
		};
		8159F75A1E4E9B0000675833 /* Debug */ = {
			isa = XCBuildConfiguration;
			buildSettings = {
				ALWAYS_EMBED_SWIFT_STANDARD_LIBRARIES = YES;
				BUNDLE_LOADER = "$(TEST_HOST)";
				DEVELOPMENT_TEAM = 9XYBW6TC7K;
				INFOPLIST_FILE = "To Do ListTests/Info.plist";
				LD_RUNPATH_SEARCH_PATHS = "$(inherited) @executable_path/Frameworks @loader_path/Frameworks";
				PRODUCT_BUNDLE_IDENTIFIER = "com.calabrese.To-Do-ListTests";
				PRODUCT_NAME = "$(TARGET_NAME)";
				SWIFT_VERSION = 3.0;
				TEST_HOST = "$(BUILT_PRODUCTS_DIR)/To Do List.app/To Do List";
			};
			name = Debug;
		};
		8159F75B1E4E9B0000675833 /* Release */ = {
			isa = XCBuildConfiguration;
			buildSettings = {
				ALWAYS_EMBED_SWIFT_STANDARD_LIBRARIES = YES;
				BUNDLE_LOADER = "$(TEST_HOST)";
				DEVELOPMENT_TEAM = 9XYBW6TC7K;
				INFOPLIST_FILE = "To Do ListTests/Info.plist";
				LD_RUNPATH_SEARCH_PATHS = "$(inherited) @executable_path/Frameworks @loader_path/Frameworks";
				PRODUCT_BUNDLE_IDENTIFIER = "com.calabrese.To-Do-ListTests";
				PRODUCT_NAME = "$(TARGET_NAME)";
				SWIFT_VERSION = 3.0;
				TEST_HOST = "$(BUILT_PRODUCTS_DIR)/To Do List.app/To Do List";
			};
			name = Release;
		};
/* End XCBuildConfiguration section */

/* Begin XCConfigurationList section */
		8159F7341E4E9B0000675833 /* Build configuration list for PBXProject "To Do List" */ = {
			isa = XCConfigurationList;
			buildConfigurations = (
				8159F7541E4E9B0000675833 /* Debug */,
				8159F7551E4E9B0000675833 /* Release */,
			);
			defaultConfigurationIsVisible = 0;
			defaultConfigurationName = Release;
		};
		8159F7561E4E9B0000675833 /* Build configuration list for PBXNativeTarget "To Do List" */ = {
			isa = XCConfigurationList;
			buildConfigurations = (
				8159F7571E4E9B0000675833 /* Debug */,
				8159F7581E4E9B0000675833 /* Release */,
			);
			defaultConfigurationIsVisible = 0;
		};
		8159F7591E4E9B0000675833 /* Build configuration list for PBXNativeTarget "To Do ListTests" */ = {
			isa = XCConfigurationList;
			buildConfigurations = (
				8159F75A1E4E9B0000675833 /* Debug */,
				8159F75B1E4E9B0000675833 /* Release */,
			);
			defaultConfigurationIsVisible = 0;
		};
/* End XCConfigurationList section */
	};
	rootObject = 8159F7311E4E9B0000675833 /* Project object */;
}
